// !$*UTF8*$!
{
	archiveVersion = 1;
	classes = {
	};
	objectVersion = 56;
	objects = {

/* Begin PBXBuildFile section */
		C6C4843B2A6870CB0096462B /* AppDelegate.swift in Sources */ = {isa = PBXBuildFile; fileRef = C6C4843A2A6870CB0096462B /* AppDelegate.swift */; };
		C6C4843D2A6870CB0096462B /* SceneDelegate.swift in Sources */ = {isa = PBXBuildFile; fileRef = C6C4843C2A6870CB0096462B /* SceneDelegate.swift */; };
		C6C4843F2A6870CB0096462B /* ViewController.swift in Sources */ = {isa = PBXBuildFile; fileRef = C6C4843E2A6870CB0096462B /* ViewController.swift */; };
		C6C484422A6870CB0096462B /* Main.storyboard in Resources */ = {isa = PBXBuildFile; fileRef = C6C484402A6870CB0096462B /* Main.storyboard */; };
		C6C484442A6870CD0096462B /* Assets.xcassets in Resources */ = {isa = PBXBuildFile; fileRef = C6C484432A6870CD0096462B /* Assets.xcassets */; };
		C6C484472A6870CD0096462B /* LaunchScreen.storyboard in Resources */ = {isa = PBXBuildFile; fileRef = C6C484452A6870CD0096462B /* LaunchScreen.storyboard */; };
		C6C484522A6870CE0096462B /* FactoryDesignPatternExampleTests.swift in Sources */ = {isa = PBXBuildFile; fileRef = C6C484512A6870CE0096462B /* FactoryDesignPatternExampleTests.swift */; };
		C6C4845C2A6870CE0096462B /* FactoryDesignPatternExampleUITests.swift in Sources */ = {isa = PBXBuildFile; fileRef = C6C4845B2A6870CE0096462B /* FactoryDesignPatternExampleUITests.swift */; };
		C6C4845E2A6870CE0096462B /* FactoryDesignPatternExampleUITestsLaunchTests.swift in Sources */ = {isa = PBXBuildFile; fileRef = C6C4845D2A6870CE0096462B /* FactoryDesignPatternExampleUITestsLaunchTests.swift */; };
		C6C4846B2A6872250096462B /* Serializable.swift in Sources */ = {isa = PBXBuildFile; fileRef = C6C4846A2A6872250096462B /* Serializable.swift */; };
/* End PBXBuildFile section */

/* Begin PBXContainerItemProxy section */
		C6C4844E2A6870CE0096462B /* PBXContainerItemProxy */ = {
			isa = PBXContainerItemProxy;
			containerPortal = C6C4842F2A6870CA0096462B /* Project object */;
			proxyType = 1;
			remoteGlobalIDString = C6C484362A6870CA0096462B;
			remoteInfo = FactoryDesignPatternExample;
		};
		C6C484582A6870CE0096462B /* PBXContainerItemProxy */ = {
			isa = PBXContainerItemProxy;
			containerPortal = C6C4842F2A6870CA0096462B /* Project object */;
			proxyType = 1;
			remoteGlobalIDString = C6C484362A6870CA0096462B;
			remoteInfo = FactoryDesignPatternExample;
		};
/* End PBXContainerItemProxy section */

/* Begin PBXFileReference section */
		C6C484372A6870CB0096462B /* FactoryDesignPatternExample.app */ = {isa = PBXFileReference; explicitFileType = wrapper.application; includeInIndex = 0; path = FactoryDesignPatternExample.app; sourceTree = BUILT_PRODUCTS_DIR; };
		C6C4843A2A6870CB0096462B /* AppDelegate.swift */ = {isa = PBXFileReference; lastKnownFileType = sourcecode.swift; path = AppDelegate.swift; sourceTree = "<group>"; };
		C6C4843C2A6870CB0096462B /* SceneDelegate.swift */ = {isa = PBXFileReference; lastKnownFileType = sourcecode.swift; path = SceneDelegate.swift; sourceTree = "<group>"; };
		C6C4843E2A6870CB0096462B /* ViewController.swift */ = {isa = PBXFileReference; lastKnownFileType = sourcecode.swift; path = ViewController.swift; sourceTree = "<group>"; };
		C6C484412A6870CB0096462B /* Base */ = {isa = PBXFileReference; lastKnownFileType = file.storyboard; name = Base; path = Base.lproj/Main.storyboard; sourceTree = "<group>"; };
		C6C484432A6870CD0096462B /* Assets.xcassets */ = {isa = PBXFileReference; lastKnownFileType = folder.assetcatalog; path = Assets.xcassets; sourceTree = "<group>"; };
		C6C484462A6870CD0096462B /* Base */ = {isa = PBXFileReference; lastKnownFileType = file.storyboard; name = Base; path = Base.lproj/LaunchScreen.storyboard; sourceTree = "<group>"; };
		C6C484482A6870CD0096462B /* Info.plist */ = {isa = PBXFileReference; lastKnownFileType = text.plist.xml; path = Info.plist; sourceTree = "<group>"; };
		C6C4844D2A6870CE0096462B /* FactoryDesignPatternExampleTests.xctest */ = {isa = PBXFileReference; explicitFileType = wrapper.cfbundle; includeInIndex = 0; path = FactoryDesignPatternExampleTests.xctest; sourceTree = BUILT_PRODUCTS_DIR; };
		C6C484512A6870CE0096462B /* FactoryDesignPatternExampleTests.swift */ = {isa = PBXFileReference; lastKnownFileType = sourcecode.swift; path = FactoryDesignPatternExampleTests.swift; sourceTree = "<group>"; };
		C6C484572A6870CE0096462B /* FactoryDesignPatternExampleUITests.xctest */ = {isa = PBXFileReference; explicitFileType = wrapper.cfbundle; includeInIndex = 0; path = FactoryDesignPatternExampleUITests.xctest; sourceTree = BUILT_PRODUCTS_DIR; };
		C6C4845B2A6870CE0096462B /* FactoryDesignPatternExampleUITests.swift */ = {isa = PBXFileReference; lastKnownFileType = sourcecode.swift; path = FactoryDesignPatternExampleUITests.swift; sourceTree = "<group>"; };
		C6C4845D2A6870CE0096462B /* FactoryDesignPatternExampleUITestsLaunchTests.swift */ = {isa = PBXFileReference; lastKnownFileType = sourcecode.swift; path = FactoryDesignPatternExampleUITestsLaunchTests.swift; sourceTree = "<group>"; };
		C6C4846A2A6872250096462B /* Serializable.swift */ = {isa = PBXFileReference; lastKnownFileType = sourcecode.swift; path = Serializable.swift; sourceTree = "<group>"; };
/* End PBXFileReference section */

/* Begin PBXFrameworksBuildPhase section */
		C6C484342A6870CA0096462B /* Frameworks */ = {
			isa = PBXFrameworksBuildPhase;
			buildActionMask = 2147483647;
			files = (
			);
			runOnlyForDeploymentPostprocessing = 0;
		};
		C6C4844A2A6870CE0096462B /* Frameworks */ = {
			isa = PBXFrameworksBuildPhase;
			buildActionMask = 2147483647;
			files = (
			);
			runOnlyForDeploymentPostprocessing = 0;
		};
		C6C484542A6870CE0096462B /* Frameworks */ = {
			isa = PBXFrameworksBuildPhase;
			buildActionMask = 2147483647;
			files = (
			);
			runOnlyForDeploymentPostprocessing = 0;
		};
/* End PBXFrameworksBuildPhase section */

/* Begin PBXGroup section */
		C6C4842E2A6870CA0096462B = {
			isa = PBXGroup;
			children = (
				C6C484392A6870CB0096462B /* FactoryDesignPatternExample */,
				C6C484502A6870CE0096462B /* FactoryDesignPatternExampleTests */,
				C6C4845A2A6870CE0096462B /* FactoryDesignPatternExampleUITests */,
				C6C484382A6870CB0096462B /* Products */,
			);
			sourceTree = "<group>";
		};
		C6C484382A6870CB0096462B /* Products */ = {
			isa = PBXGroup;
			children = (
				C6C484372A6870CB0096462B /* FactoryDesignPatternExample.app */,
				C6C4844D2A6870CE0096462B /* FactoryDesignPatternExampleTests.xctest */,
				C6C484572A6870CE0096462B /* FactoryDesignPatternExampleUITests.xctest */,
			);
			name = Products;
			sourceTree = "<group>";
		};
		C6C484392A6870CB0096462B /* FactoryDesignPatternExample */ = {
			isa = PBXGroup;
			children = (
				C6C4843A2A6870CB0096462B /* AppDelegate.swift */,
				C6C4843C2A6870CB0096462B /* SceneDelegate.swift */,
				C6C4843E2A6870CB0096462B /* ViewController.swift */,
				C6C484402A6870CB0096462B /* Main.storyboard */,
				C6C484432A6870CD0096462B /* Assets.xcassets */,
				C6C484452A6870CD0096462B /* LaunchScreen.storyboard */,
				C6C484482A6870CD0096462B /* Info.plist */,
				C6C4846A2A6872250096462B /* Serializable.swift */,
			);
			path = FactoryDesignPatternExample;
			sourceTree = "<group>";
		};
		C6C484502A6870CE0096462B /* FactoryDesignPatternExampleTests */ = {
			isa = PBXGroup;
			children = (
				C6C484512A6870CE0096462B /* FactoryDesignPatternExampleTests.swift */,
			);
			path = FactoryDesignPatternExampleTests;
			sourceTree = "<group>";
		};
		C6C4845A2A6870CE0096462B /* FactoryDesignPatternExampleUITests */ = {
			isa = PBXGroup;
			children = (
				C6C4845B2A6870CE0096462B /* FactoryDesignPatternExampleUITests.swift */,
				C6C4845D2A6870CE0096462B /* FactoryDesignPatternExampleUITestsLaunchTests.swift */,
			);
			path = FactoryDesignPatternExampleUITests;
			sourceTree = "<group>";
		};
/* End PBXGroup section */

/* Begin PBXNativeTarget section */
		C6C484362A6870CA0096462B /* FactoryDesignPatternExample */ = {
			isa = PBXNativeTarget;
			buildConfigurationList = C6C484612A6870CE0096462B /* Build configuration list for PBXNativeTarget "FactoryDesignPatternExample" */;
			buildPhases = (
				C6C484332A6870CA0096462B /* Sources */,
				C6C484342A6870CA0096462B /* Frameworks */,
				C6C484352A6870CA0096462B /* Resources */,
			);
			buildRules = (
			);
			dependencies = (
			);
			name = FactoryDesignPatternExample;
			productName = FactoryDesignPatternExample;
			productReference = C6C484372A6870CB0096462B /* FactoryDesignPatternExample.app */;
			productType = "com.apple.product-type.application";
		};
		C6C4844C2A6870CE0096462B /* FactoryDesignPatternExampleTests */ = {
			isa = PBXNativeTarget;
			buildConfigurationList = C6C484642A6870CE0096462B /* Build configuration list for PBXNativeTarget "FactoryDesignPatternExampleTests" */;
			buildPhases = (
				C6C484492A6870CE0096462B /* Sources */,
				C6C4844A2A6870CE0096462B /* Frameworks */,
				C6C4844B2A6870CE0096462B /* Resources */,
			);
			buildRules = (
			);
			dependencies = (
				C6C4844F2A6870CE0096462B /* PBXTargetDependency */,
			);
			name = FactoryDesignPatternExampleTests;
			productName = FactoryDesignPatternExampleTests;
			productReference = C6C4844D2A6870CE0096462B /* FactoryDesignPatternExampleTests.xctest */;
			productType = "com.apple.product-type.bundle.unit-test";
		};
		C6C484562A6870CE0096462B /* FactoryDesignPatternExampleUITests */ = {
			isa = PBXNativeTarget;
			buildConfigurationList = C6C484672A6870CE0096462B /* Build configuration list for PBXNativeTarget "FactoryDesignPatternExampleUITests" */;
			buildPhases = (
				C6C484532A6870CE0096462B /* Sources */,
				C6C484542A6870CE0096462B /* Frameworks */,
				C6C484552A6870CE0096462B /* Resources */,
			);
			buildRules = (
			);
			dependencies = (
				C6C484592A6870CE0096462B /* PBXTargetDependency */,
			);
			name = FactoryDesignPatternExampleUITests;
			productName = FactoryDesignPatternExampleUITests;
			productReference = C6C484572A6870CE0096462B /* FactoryDesignPatternExampleUITests.xctest */;
			productType = "com.apple.product-type.bundle.ui-testing";
		};
/* End PBXNativeTarget section */

/* Begin PBXProject section */
		C6C4842F2A6870CA0096462B /* Project object */ = {
			isa = PBXProject;
			attributes = {
				BuildIndependentTargetsInParallel = 1;
				LastSwiftUpdateCheck = 1420;
				LastUpgradeCheck = 1420;
				TargetAttributes = {
					C6C484362A6870CA0096462B = {
						CreatedOnToolsVersion = 14.2;
					};
					C6C4844C2A6870CE0096462B = {
						CreatedOnToolsVersion = 14.2;
						TestTargetID = C6C484362A6870CA0096462B;
					};
					C6C484562A6870CE0096462B = {
						CreatedOnToolsVersion = 14.2;
						TestTargetID = C6C484362A6870CA0096462B;
					};
				};
			};
			buildConfigurationList = C6C484322A6870CA0096462B /* Build configuration list for PBXProject "FactoryDesignPatternExample" */;
			compatibilityVersion = "Xcode 14.0";
			developmentRegion = en;
			hasScannedForEncodings = 0;
			knownRegions = (
				en,
				Base,
			);
			mainGroup = C6C4842E2A6870CA0096462B;
			productRefGroup = C6C484382A6870CB0096462B /* Products */;
			projectDirPath = "";
			projectRoot = "";
			targets = (
				C6C484362A6870CA0096462B /* FactoryDesignPatternExample */,
				C6C4844C2A6870CE0096462B /* FactoryDesignPatternExampleTests */,
				C6C484562A6870CE0096462B /* FactoryDesignPatternExampleUITests */,
			);
		};
/* End PBXProject section */

/* Begin PBXResourcesBuildPhase section */
		C6C484352A6870CA0096462B /* Resources */ = {
			isa = PBXResourcesBuildPhase;
			buildActionMask = 2147483647;
			files = (
				C6C484472A6870CD0096462B /* LaunchScreen.storyboard in Resources */,
				C6C484442A6870CD0096462B /* Assets.xcassets in Resources */,
				C6C484422A6870CB0096462B /* Main.storyboard in Resources */,
			);
			runOnlyForDeploymentPostprocessing = 0;
		};
		C6C4844B2A6870CE0096462B /* Resources */ = {
			isa = PBXResourcesBuildPhase;
			buildActionMask = 2147483647;
			files = (
			);
			runOnlyForDeploymentPostprocessing = 0;
		};
		C6C484552A6870CE0096462B /* Resources */ = {
			isa = PBXResourcesBuildPhase;
			buildActionMask = 2147483647;
			files = (
			);
			runOnlyForDeploymentPostprocessing = 0;
		};
/* End PBXResourcesBuildPhase section */

/* Begin PBXSourcesBuildPhase section */
		C6C484332A6870CA0096462B /* Sources */ = {
			isa = PBXSourcesBuildPhase;
			buildActionMask = 2147483647;
			files = (
				C6C4846B2A6872250096462B /* Serializable.swift in Sources */,
				C6C4843F2A6870CB0096462B /* ViewController.swift in Sources */,
				C6C4843B2A6870CB0096462B /* AppDelegate.swift in Sources */,
				C6C4843D2A6870CB0096462B /* SceneDelegate.swift in Sources */,
			);
			runOnlyForDeploymentPostprocessing = 0;
		};
		C6C484492A6870CE0096462B /* Sources */ = {
			isa = PBXSourcesBuildPhase;
			buildActionMask = 2147483647;
			files = (
				C6C484522A6870CE0096462B /* FactoryDesignPatternExampleTests.swift in Sources */,
			);
			runOnlyForDeploymentPostprocessing = 0;
		};
		C6C484532A6870CE0096462B /* Sources */ = {
			isa = PBXSourcesBuildPhase;
			buildActionMask = 2147483647;
			files = (
				C6C4845C2A6870CE0096462B /* FactoryDesignPatternExampleUITests.swift in Sources */,
				C6C4845E2A6870CE0096462B /* FactoryDesignPatternExampleUITestsLaunchTests.swift in Sources */,
			);
			runOnlyForDeploymentPostprocessing = 0;
		};
/* End PBXSourcesBuildPhase section */

/* Begin PBXTargetDependency section */
		C6C4844F2A6870CE0096462B /* PBXTargetDependency */ = {
			isa = PBXTargetDependency;
			target = C6C484362A6870CA0096462B /* FactoryDesignPatternExample */;
			targetProxy = C6C4844E2A6870CE0096462B /* PBXContainerItemProxy */;
		};
		C6C484592A6870CE0096462B /* PBXTargetDependency */ = {
			isa = PBXTargetDependency;
			target = C6C484362A6870CA0096462B /* FactoryDesignPatternExample */;
			targetProxy = C6C484582A6870CE0096462B /* PBXContainerItemProxy */;
		};
/* End PBXTargetDependency section */

/* Begin PBXVariantGroup section */
		C6C484402A6870CB0096462B /* Main.storyboard */ = {
			isa = PBXVariantGroup;
			children = (
				C6C484412A6870CB0096462B /* Base */,
			);
			name = Main.storyboard;
			sourceTree = "<group>";
		};
		C6C484452A6870CD0096462B /* LaunchScreen.storyboard */ = {
			isa = PBXVariantGroup;
			children = (
				C6C484462A6870CD0096462B /* Base */,
			);
			name = LaunchScreen.storyboard;
			sourceTree = "<group>";
		};
/* End PBXVariantGroup section */

/* Begin XCBuildConfiguration section */
		C6C4845F2A6870CE0096462B /* Debug */ = {
			isa = XCBuildConfiguration;
			buildSettings = {
				ALWAYS_SEARCH_USER_PATHS = NO;
				CLANG_ANALYZER_NONNULL = YES;
				CLANG_ANALYZER_NUMBER_OBJECT_CONVERSION = YES_AGGRESSIVE;
				CLANG_CXX_LANGUAGE_STANDARD = "gnu++20";
				CLANG_ENABLE_MODULES = YES;
				CLANG_ENABLE_OBJC_ARC = YES;
				CLANG_ENABLE_OBJC_WEAK = YES;
				CLANG_WARN_BLOCK_CAPTURE_AUTORELEASING = YES;
				CLANG_WARN_BOOL_CONVERSION = YES;
				CLANG_WARN_COMMA = YES;
				CLANG_WARN_CONSTANT_CONVERSION = YES;
				CLANG_WARN_DEPRECATED_OBJC_IMPLEMENTATIONS = YES;
				CLANG_WARN_DIRECT_OBJC_ISA_USAGE = YES_ERROR;
				CLANG_WARN_DOCUMENTATION_COMMENTS = YES;
				CLANG_WARN_EMPTY_BODY = YES;
				CLANG_WARN_ENUM_CONVERSION = YES;
				CLANG_WARN_INFINITE_RECURSION = YES;
				CLANG_WARN_INT_CONVERSION = YES;
				CLANG_WARN_NON_LITERAL_NULL_CONVERSION = YES;
				CLANG_WARN_OBJC_IMPLICIT_RETAIN_SELF = YES;
				CLANG_WARN_OBJC_LITERAL_CONVERSION = YES;
				CLANG_WARN_OBJC_ROOT_CLASS = YES_ERROR;
				CLANG_WARN_QUOTED_INCLUDE_IN_FRAMEWORK_HEADER = YES;
				CLANG_WARN_RANGE_LOOP_ANALYSIS = YES;
				CLANG_WARN_STRICT_PROTOTYPES = YES;
				CLANG_WARN_SUSPICIOUS_MOVE = YES;
				CLANG_WARN_UNGUARDED_AVAILABILITY = YES_AGGRESSIVE;
				CLANG_WARN_UNREACHABLE_CODE = YES;
				CLANG_WARN__DUPLICATE_METHOD_MATCH = YES;
				COPY_PHASE_STRIP = NO;
				DEBUG_INFORMATION_FORMAT = dwarf;
				ENABLE_STRICT_OBJC_MSGSEND = YES;
				ENABLE_TESTABILITY = YES;
				GCC_C_LANGUAGE_STANDARD = gnu11;
				GCC_DYNAMIC_NO_PIC = NO;
				GCC_NO_COMMON_BLOCKS = YES;
				GCC_OPTIMIZATION_LEVEL = 0;
				GCC_PREPROCESSOR_DEFINITIONS = (
					"DEBUG=1",
					"$(inherited)",
				);
				GCC_WARN_64_TO_32_BIT_CONVERSION = YES;
				GCC_WARN_ABOUT_RETURN_TYPE = YES_ERROR;
				GCC_WARN_UNDECLARED_SELECTOR = YES;
				GCC_WARN_UNINITIALIZED_AUTOS = YES_AGGRESSIVE;
				GCC_WARN_UNUSED_FUNCTION = YES;
				GCC_WARN_UNUSED_VARIABLE = YES;
				IPHONEOS_DEPLOYMENT_TARGET = 16.2;
				MTL_ENABLE_DEBUG_INFO = INCLUDE_SOURCE;
				MTL_FAST_MATH = YES;
				ONLY_ACTIVE_ARCH = YES;
				SDKROOT = iphoneos;
				SWIFT_ACTIVE_COMPILATION_CONDITIONS = DEBUG;
				SWIFT_OPTIMIZATION_LEVEL = "-Onone";
			};
			name = Debug;
		};
		C6C484602A6870CE0096462B /* Release */ = {
			isa = XCBuildConfiguration;
			buildSettings = {
				ALWAYS_SEARCH_USER_PATHS = NO;
				CLANG_ANALYZER_NONNULL = YES;
				CLANG_ANALYZER_NUMBER_OBJECT_CONVERSION = YES_AGGRESSIVE;
				CLANG_CXX_LANGUAGE_STANDARD = "gnu++20";
				CLANG_ENABLE_MODULES = YES;
				CLANG_ENABLE_OBJC_ARC = YES;
				CLANG_ENABLE_OBJC_WEAK = YES;
				CLANG_WARN_BLOCK_CAPTURE_AUTORELEASING = YES;
				CLANG_WARN_BOOL_CONVERSION = YES;
				CLANG_WARN_COMMA = YES;
				CLANG_WARN_CONSTANT_CONVERSION = YES;
				CLANG_WARN_DEPRECATED_OBJC_IMPLEMENTATIONS = YES;
				CLANG_WARN_DIRECT_OBJC_ISA_USAGE = YES_ERROR;
				CLANG_WARN_DOCUMENTATION_COMMENTS = YES;
				CLANG_WARN_EMPTY_BODY = YES;
				CLANG_WARN_ENUM_CONVERSION = YES;
				CLANG_WARN_INFINITE_RECURSION = YES;
				CLANG_WARN_INT_CONVERSION = YES;
				CLANG_WARN_NON_LITERAL_NULL_CONVERSION = YES;
				CLANG_WARN_OBJC_IMPLICIT_RETAIN_SELF = YES;
				CLANG_WARN_OBJC_LITERAL_CONVERSION = YES;
				CLANG_WARN_OBJC_ROOT_CLASS = YES_ERROR;
				CLANG_WARN_QUOTED_INCLUDE_IN_FRAMEWORK_HEADER = YES;
				CLANG_WARN_RANGE_LOOP_ANALYSIS = YES;
				CLANG_WARN_STRICT_PROTOTYPES = YES;
				CLANG_WARN_SUSPICIOUS_MOVE = YES;
				CLANG_WARN_UNGUARDED_AVAILABILITY = YES_AGGRESSIVE;
				CLANG_WARN_UNREACHABLE_CODE = YES;
				CLANG_WARN__DUPLICATE_METHOD_MATCH = YES;
				COPY_PHASE_STRIP = NO;
				DEBUG_INFORMATION_FORMAT = "dwarf-with-dsym";
				ENABLE_NS_ASSERTIONS = NO;
				ENABLE_STRICT_OBJC_MSGSEND = YES;
				GCC_C_LANGUAGE_STANDARD = gnu11;
				GCC_NO_COMMON_BLOCKS = YES;
				GCC_WARN_64_TO_32_BIT_CONVERSION = YES;
				GCC_WARN_ABOUT_RETURN_TYPE = YES_ERROR;
				GCC_WARN_UNDECLARED_SELECTOR = YES;
				GCC_WARN_UNINITIALIZED_AUTOS = YES_AGGRESSIVE;
				GCC_WARN_UNUSED_FUNCTION = YES;
				GCC_WARN_UNUSED_VARIABLE = YES;
				IPHONEOS_DEPLOYMENT_TARGET = 16.2;
				MTL_ENABLE_DEBUG_INFO = NO;
				MTL_FAST_MATH = YES;
				SDKROOT = iphoneos;
				SWIFT_COMPILATION_MODE = wholemodule;
				SWIFT_OPTIMIZATION_LEVEL = "-O";
				VALIDATE_PRODUCT = YES;
			};
			name = Release;
		};
		C6C484622A6870CE0096462B /* Debug */ = {
			isa = XCBuildConfiguration;
			buildSettings = {
				ASSETCATALOG_COMPILER_APPICON_NAME = AppIcon;
				ASSETCATALOG_COMPILER_GLOBAL_ACCENT_COLOR_NAME = AccentColor;
				CODE_SIGN_STYLE = Automatic;
				CURRENT_PROJECT_VERSION = 1;
				DEVELOPMENT_TEAM = JXQ54B2CD8;
				GENERATE_INFOPLIST_FILE = YES;
				INFOPLIST_FILE = FactoryDesignPatternExample/Info.plist;
				INFOPLIST_KEY_UIApplicationSupportsIndirectInputEvents = YES;
				INFOPLIST_KEY_UILaunchStoryboardName = LaunchScreen;
				INFOPLIST_KEY_UIMainStoryboardFile = Main;
				INFOPLIST_KEY_UISupportedInterfaceOrientations_iPad = "UIInterfaceOrientationPortrait UIInterfaceOrientationPortraitUpsideDown UIInterfaceOrientationLandscapeLeft UIInterfaceOrientationLandscapeRight";
				INFOPLIST_KEY_UISupportedInterfaceOrientations_iPhone = "UIInterfaceOrientationPortrait UIInterfaceOrientationLandscapeLeft UIInterfaceOrientationLandscapeRight";
				LD_RUNPATH_SEARCH_PATHS = (
					"$(inherited)",
					"@executable_path/Frameworks",
				);
				MARKETING_VERSION = 1.0;
				PRODUCT_BUNDLE_IDENTIFIER = com.ho.FactoryDesignPatternExample;
				PRODUCT_NAME = "$(TARGET_NAME)";
				SWIFT_EMIT_LOC_STRINGS = YES;
				SWIFT_VERSION = 5.0;
				TARGETED_DEVICE_FAMILY = "1,2";
			};
			name = Debug;
		};
		C6C484632A6870CE0096462B /* Release */ = {
			isa = XCBuildConfiguration;
			buildSettings = {
				ASSETCATALOG_COMPILER_APPICON_NAME = AppIcon;
				ASSETCATALOG_COMPILER_GLOBAL_ACCENT_COLOR_NAME = AccentColor;
				CODE_SIGN_STYLE = Automatic;
				CURRENT_PROJECT_VERSION = 1;
				DEVELOPMENT_TEAM = JXQ54B2CD8;
				GENERATE_INFOPLIST_FILE = YES;
				INFOPLIST_FILE = FactoryDesignPatternExample/Info.plist;
				INFOPLIST_KEY_UIApplicationSupportsIndirectInputEvents = YES;
				INFOPLIST_KEY_UILaunchStoryboardName = LaunchScreen;
				INFOPLIST_KEY_UIMainStoryboardFile = Main;
				INFOPLIST_KEY_UISupportedInterfaceOrientations_iPad = "UIInterfaceOrientationPortrait UIInterfaceOrientationPortraitUpsideDown UIInterfaceOrientationLandscapeLeft UIInterfaceOrientationLandscapeRight";
				INFOPLIST_KEY_UISupportedInterfaceOrientations_iPhone = "UIInterfaceOrientationPortrait UIInterfaceOrientationLandscapeLeft UIInterfaceOrientationLandscapeRight";
				LD_RUNPATH_SEARCH_PATHS = (
					"$(inherited)",
					"@executable_path/Frameworks",
				);
				MARKETING_VERSION = 1.0;
				PRODUCT_BUNDLE_IDENTIFIER = com.ho.FactoryDesignPatternExample;
				PRODUCT_NAME = "$(TARGET_NAME)";
				SWIFT_EMIT_LOC_STRINGS = YES;
				SWIFT_VERSION = 5.0;
				TARGETED_DEVICE_FAMILY = "1,2";
			};
			name = Release;
		};
		C6C484652A6870CE0096462B /* Debug */ = {
			isa = XCBuildConfiguration;
			buildSettings = {
				ALWAYS_EMBED_SWIFT_STANDARD_LIBRARIES = YES;
				BUNDLE_LOADER = "$(TEST_HOST)";
				CODE_SIGN_STYLE = Automatic;
				CURRENT_PROJECT_VERSION = 1;
				DEVELOPMENT_TEAM = JXQ54B2CD8;
				GENERATE_INFOPLIST_FILE = YES;
				IPHONEOS_DEPLOYMENT_TARGET = 16.2;
				MARKETING_VERSION = 1.0;
				PRODUCT_BUNDLE_IDENTIFIER = com.ho.FactoryDesignPatternExampleTests;
				PRODUCT_NAME = "$(TARGET_NAME)";
				SWIFT_EMIT_LOC_STRINGS = NO;
				SWIFT_VERSION = 5.0;
				TARGETED_DEVICE_FAMILY = "1,2";
				TEST_HOST = "$(BUILT_PRODUCTS_DIR)/FactoryDesignPatternExample.app/$(BUNDLE_EXECUTABLE_FOLDER_PATH)/FactoryDesignPatternExample";
			};
			name = Debug;
		};
		C6C484662A6870CE0096462B /* Release */ = {
			isa = XCBuildConfiguration;
			buildSettings = {
				ALWAYS_EMBED_SWIFT_STANDARD_LIBRARIES = YES;
				BUNDLE_LOADER = "$(TEST_HOST)";
				CODE_SIGN_STYLE = Automatic;
				CURRENT_PROJECT_VERSION = 1;
				DEVELOPMENT_TEAM = JXQ54B2CD8;
				GENERATE_INFOPLIST_FILE = YES;
				IPHONEOS_DEPLOYMENT_TARGET = 16.2;
				MARKETING_VERSION = 1.0;
				PRODUCT_BUNDLE_IDENTIFIER = com.ho.FactoryDesignPatternExampleTests;
				PRODUCT_NAME = "$(TARGET_NAME)";
				SWIFT_EMIT_LOC_STRINGS = NO;
				SWIFT_VERSION = 5.0;
				TARGETED_DEVICE_FAMILY = "1,2";
				TEST_HOST = "$(BUILT_PRODUCTS_DIR)/FactoryDesignPatternExample.app/$(BUNDLE_EXECUTABLE_FOLDER_PATH)/FactoryDesignPatternExample";
			};
			name = Release;
		};
		C6C484682A6870CE0096462B /* Debug */ = {
			isa = XCBuildConfiguration;
			buildSettings = {
				ALWAYS_EMBED_SWIFT_STANDARD_LIBRARIES = YES;
				CODE_SIGN_STYLE = Automatic;
				CURRENT_PROJECT_VERSION = 1;
				DEVELOPMENT_TEAM = JXQ54B2CD8;
				GENERATE_INFOPLIST_FILE = YES;
				MARKETING_VERSION = 1.0;
				PRODUCT_BUNDLE_IDENTIFIER = com.ho.FactoryDesignPatternExampleUITests;
				PRODUCT_NAME = "$(TARGET_NAME)";
				SWIFT_EMIT_LOC_STRINGS = NO;
				SWIFT_VERSION = 5.0;
				TARGETED_DEVICE_FAMILY = "1,2";
				TEST_TARGET_NAME = FactoryDesignPatternExample;
			};
			name = Debug;
		};
		C6C484692A6870CE0096462B /* Release */ = {
			isa = XCBuildConfiguration;
			buildSettings = {
				ALWAYS_EMBED_SWIFT_STANDARD_LIBRARIES = YES;
				CODE_SIGN_STYLE = Automatic;
				CURRENT_PROJECT_VERSION = 1;
				DEVELOPMENT_TEAM = JXQ54B2CD8;
				GENERATE_INFOPLIST_FILE = YES;
				MARKETING_VERSION = 1.0;
				PRODUCT_BUNDLE_IDENTIFIER = com.ho.FactoryDesignPatternExampleUITests;
				PRODUCT_NAME = "$(TARGET_NAME)";
				SWIFT_EMIT_LOC_STRINGS = NO;
				SWIFT_VERSION = 5.0;
				TARGETED_DEVICE_FAMILY = "1,2";
				TEST_TARGET_NAME = FactoryDesignPatternExample;
			};
			name = Release;
		};
/* End XCBuildConfiguration section */

/* Begin XCConfigurationList section */
		C6C484322A6870CA0096462B /* Build configuration list for PBXProject "FactoryDesignPatternExample" */ = {
			isa = XCConfigurationList;
			buildConfigurations = (
				C6C4845F2A6870CE0096462B /* Debug */,
				C6C484602A6870CE0096462B /* Release */,
			);
			defaultConfigurationIsVisible = 0;
			defaultConfigurationName = Release;
		};
		C6C484612A6870CE0096462B /* Build configuration list for PBXNativeTarget "FactoryDesignPatternExample" */ = {
			isa = XCConfigurationList;
			buildConfigurations = (
				C6C484622A6870CE0096462B /* Debug */,
				C6C484632A6870CE0096462B /* Release */,
			);
			defaultConfigurationIsVisible = 0;
			defaultConfigurationName = Release;
		};
		C6C484642A6870CE0096462B /* Build configuration list for PBXNativeTarget "FactoryDesignPatternExampleTests" */ = {
			isa = XCConfigurationList;
			buildConfigurations = (
				C6C484652A6870CE0096462B /* Debug */,
				C6C484662A6870CE0096462B /* Release */,
			);
			defaultConfigurationIsVisible = 0;
			defaultConfigurationName = Release;
		};
		C6C484672A6870CE0096462B /* Build configuration list for PBXNativeTarget "FactoryDesignPatternExampleUITests" */ = {
			isa = XCConfigurationList;
			buildConfigurations = (
				C6C484682A6870CE0096462B /* Debug */,
				C6C484692A6870CE0096462B /* Release */,
			);
			defaultConfigurationIsVisible = 0;
			defaultConfigurationName = Release;
		};
/* End XCConfigurationList section */
	};
	rootObject = C6C4842F2A6870CA0096462B /* Project object */;
}
